
Microsoft Visual Studio Solution File, Format Version 12.00
# Visual Studio 15
VisualStudioVersion = 15.0.27428.2037
MinimumVisualStudioVersion = 10.0.40219.1
Project("{FAE04EC0-301F-11D3-BF4B-00C04F79EFBC}") = "ConsoleApp1", "ConsoleApp1\ConsoleApp1.csproj", "{DF1A4425-F95D-4329-A9FA-E3A0579A4EFD}"
EndProject
Global
	GlobalSection(SolutionConfigurationPlatforms) = preSolution
		Debug|Any CPU = Debug|Any CPU
		Release|Any CPU = Release|Any CPU
	EndGlobalSection
	GlobalSection(ProjectConfigurationPlatforms) = postSolution
		{DF1A4425-F95D-4329-A9FA-E3A0579A4EFD}.Debug|Any CPU.ActiveCfg = Debug|Any CPU
		{DF1A4425-F95D-4329-A9FA-E3A0579A4EFD}.Debug|Any CPU.Build.0 = Debug|Any CPU
		{DF1A4425-F95D-4329-A9FA-E3A0579A4EFD}.Release|Any CPU.ActiveCfg = Release|Any CPU
		{DF1A4425-F95D-4329-A9FA-E3A0579A4EFD}.Release|Any CPU.Build.0 = Release|Any CPU
	EndGlobalSection
	GlobalSection(SolutionProperties) = preSolution
		HideSolutionNode = FALSE
	EndGlobalSection
	GlobalSection(ExtensibilityGlobals) = postSolution
		SolutionGuid = {FCB2C5C4-6949-489B-8C31-3678215E48F3}
	EndGlobalSection
EndGlobal
